<Solution>
  <Project Path="Kope.Core.Runtime.csproj" />
  <Project Path="Assembly-CSharp.csproj" />
  <Project Path="myEntityStat.csproj" />
  <Project Path="Kope.ModularSpriteAnimation.Runtime.csproj" />
  <Project Path="Kope.ModularSpriteAnimation.Editor.csproj" />
  <Project Path="ThirdParty.csproj" />
  <Project Path="Assembly-CSharp-Editor.csproj" />
</Solution>
